
Microsoft Visual Studio Solution File, Format Version 12.00
Project("{2150E333-8FDC-42A3-9474-1A3956D46DE8}") = "Backend", "Backend", "{BC5FAEED-850F-44A2-93B8-229C836B0C23}"
EndProject
Project("{FAE04EC0-301F-11D3-BF4B-00C04F79EFBC}") = "Freshly.API", "Backend\Freshly.API\Freshly.API.csproj", "{C9EE65C9-D852-456A-B352-1AC3451AC627}"
EndProject
Project("{FAE04EC0-301F-11D3-BF4B-00C04F79EFBC}") = "Freshly.BusinessLayer", "Backend\Freshly.BusinessLayer\Freshly.BusinessLayer.csproj", "{8F8E5D7A-8AB3-4519-B9D1-F2DB38E63907}"
EndProject
Project("{FAE04EC0-301F-11D3-BF4B-00C04F79EFBC}") = "Freshly.DataAccessLayer", "Backend\Freshly.DataAccessLayer\Freshly.DataAccessLayer.csproj", "{93A403E4-1C87-449A-81E5-4EBA0A1B4119}"
EndProject
Project("{FAE04EC0-301F-11D3-BF4B-00C04F79EFBC}") = "Freshly.DomainLayer", "Backend\Freshly.DomainLayer\Freshly.DomainLayer.csproj", "{D756BBDB-1DEC-452F-9E7F-56D3CD6D260F}"
EndProject
Project("{FAE04EC0-301F-11D3-BF4B-00C04F79EFBC}") = "Freshly.OCRWorker", "Backend\Freshly.OCRWorker\Freshly.OCRWorker.csproj", "{D6E96038-A9EF-4581-B887-973193B7D975}"
EndProject
Project("{FAE04EC0-301F-11D3-BF4B-00C04F79EFBC}") = "Freshly.NotificationWorker", "Backend\Freshly.NotificationWorker\Freshly.NotificationWorker.csproj", "{475931FC-7417-44EB-B8E1-20AE984CC0B8}"
EndProject
Project("{2150E333-8FDC-42A3-9474-1A3956D46DE8}") = "Mobile", "Mobile", "{123E566B-F631-439C-A063-1D07301D579E}"
EndProject
Global
	GlobalSection(SolutionConfigurationPlatforms) = preSolution
		Debug|Any CPU = Debug|Any CPU
		Release|Any CPU = Release|Any CPU
	EndGlobalSection
	GlobalSection(NestedProjects) = preSolution
		{C9EE65C9-D852-456A-B352-1AC3451AC627} = {BC5FAEED-850F-44A2-93B8-229C836B0C23}
		{8F8E5D7A-8AB3-4519-B9D1-F2DB38E63907} = {BC5FAEED-850F-44A2-93B8-229C836B0C23}
		{93A403E4-1C87-449A-81E5-4EBA0A1B4119} = {BC5FAEED-850F-44A2-93B8-229C836B0C23}
		{D756BBDB-1DEC-452F-9E7F-56D3CD6D260F} = {BC5FAEED-850F-44A2-93B8-229C836B0C23}
		{D6E96038-A9EF-4581-B887-973193B7D975} = {BC5FAEED-850F-44A2-93B8-229C836B0C23}
		{475931FC-7417-44EB-B8E1-20AE984CC0B8} = {BC5FAEED-850F-44A2-93B8-229C836B0C23}
	EndGlobalSection
	GlobalSection(ProjectConfigurationPlatforms) = postSolution
		{C9EE65C9-D852-456A-B352-1AC3451AC627}.Debug|Any CPU.ActiveCfg = Debug|Any CPU
		{C9EE65C9-D852-456A-B352-1AC3451AC627}.Debug|Any CPU.Build.0 = Debug|Any CPU
		{C9EE65C9-D852-456A-B352-1AC3451AC627}.Release|Any CPU.ActiveCfg = Release|Any CPU
		{C9EE65C9-D852-456A-B352-1AC3451AC627}.Release|Any CPU.Build.0 = Release|Any CPU
		{8F8E5D7A-8AB3-4519-B9D1-F2DB38E63907}.Debug|Any CPU.ActiveCfg = Debug|Any CPU
		{8F8E5D7A-8AB3-4519-B9D1-F2DB38E63907}.Debug|Any CPU.Build.0 = Debug|Any CPU
		{8F8E5D7A-8AB3-4519-B9D1-F2DB38E63907}.Release|Any CPU.ActiveCfg = Release|Any CPU
		{8F8E5D7A-8AB3-4519-B9D1-F2DB38E63907}.Release|Any CPU.Build.0 = Release|Any CPU
		{93A403E4-1C87-449A-81E5-4EBA0A1B4119}.Debug|Any CPU.ActiveCfg = Debug|Any CPU
		{93A403E4-1C87-449A-81E5-4EBA0A1B4119}.Debug|Any CPU.Build.0 = Debug|Any CPU
		{93A403E4-1C87-449A-81E5-4EBA0A1B4119}.Release|Any CPU.ActiveCfg = Release|Any CPU
		{93A403E4-1C87-449A-81E5-4EBA0A1B4119}.Release|Any CPU.Build.0 = Release|Any CPU
		{D756BBDB-1DEC-452F-9E7F-56D3CD6D260F}.Debug|Any CPU.ActiveCfg = Debug|Any CPU
		{D756BBDB-1DEC-452F-9E7F-56D3CD6D260F}.Debug|Any CPU.Build.0 = Debug|Any CPU
		{D756BBDB-1DEC-452F-9E7F-56D3CD6D260F}.Release|Any CPU.ActiveCfg = Release|Any CPU
		{D756BBDB-1DEC-452F-9E7F-56D3CD6D260F}.Release|Any CPU.Build.0 = Release|Any CPU
		{D6E96038-A9EF-4581-B887-973193B7D975}.Debug|Any CPU.ActiveCfg = Debug|Any CPU
		{D6E96038-A9EF-4581-B887-973193B7D975}.Debug|Any CPU.Build.0 = Debug|Any CPU
		{D6E96038-A9EF-4581-B887-973193B7D975}.Release|Any CPU.ActiveCfg = Release|Any CPU
		{D6E96038-A9EF-4581-B887-973193B7D975}.Release|Any CPU.Build.0 = Release|Any CPU
		{475931FC-7417-44EB-B8E1-20AE984CC0B8}.Debug|Any CPU.ActiveCfg = Debug|Any CPU
		{475931FC-7417-44EB-B8E1-20AE984CC0B8}.Debug|Any CPU.Build.0 = Debug|Any CPU
		{475931FC-7417-44EB-B8E1-20AE984CC0B8}.Release|Any CPU.ActiveCfg = Release|Any CPU
		{475931FC-7417-44EB-B8E1-20AE984CC0B8}.Release|Any CPU.Build.0 = Release|Any CPU
	EndGlobalSection
EndGlobal
